{
    "version": 3,
    "terraform_version": "0.11.7",
    "serial": 3,
    "lineage": "ff189821-78bb-f795-da11-61fe4a22afa6",
    "modules": [
        {
            "path": [
                "root"
            ],
            "outputs": {
                "database_subnets": {
                    "sensitive": false,
                    "type": "list",
                    "value": []
                },
                "elasticache_subnets": {
                    "sensitive": false,
                    "type": "list",
                    "value": []
                },
                "intra_subnets": {
                    "sensitive": false,
                    "type": "list",
                    "value": []
                },
                "nat_public_ips": {
                    "sensitive": false,
                    "type": "list",
                    "value": [
                        "52.4.120.179",
                        "18.211.235.92",
                        "52.203.121.179"
                    ]
                },
                "private_subnets": {
                    "sensitive": false,
                    "type": "list",
                    "value": [
                        "subnet-02fcd6b92460ec88a",
                        "subnet-0c42f17a20ab9971a",
                        "subnet-031bfdc92973b6190"
                    ]
                },
                "public_subnets": {
                    "sensitive": false,
                    "type": "list",
                    "value": [
                        "subnet-0df24cf4192a4db1b",
                        "subnet-024be26b5bab5839c",
                        "subnet-064dea098e3d84892"
                    ]
                },
                "redshift_subnets": {
                    "sensitive": false,
                    "type": "list",
                    "value": []
                },
                "vpc_id": {
                    "sensitive": false,
                    "type": "string",
                    "value": "vpc-01734fb09c78ee411"
                }
            },
            "resources": {},
            "depends_on": []
        },
        {
            "path": [
                "root",
                "vpc"
            ],
            "outputs": {
                "database_route_table_ids": {
                    "sensitive": false,
                    "type": "list",
                    "value": [
                        "rtb-0112ab7920f23efe0",
                        "rtb-0a1c91c29272e569d",
                        "rtb-0fc31d6cd76b9c4b4"
                    ]
                },
                "database_subnet_group": {
                    "sensitive": false,
                    "type": "string",
                    "value": ""
                },
                "database_subnets": {
                    "sensitive": false,
                    "type": "list",
                    "value": []
                },
                "database_subnets_cidr_blocks": {
                    "sensitive": false,
                    "type": "list",
                    "value": []
                },
                "default_network_acl_id": {
                    "sensitive": false,
                    "type": "string",
                    "value": "acl-06b7aa166e1a52550"
                },
                "default_route_table_id": {
                    "sensitive": false,
                    "type": "string",
                    "value": "rtb-0eedd58eb125e12cd"
                },
                "default_security_group_id": {
                    "sensitive": false,
                    "type": "string",
                    "value": "sg-07d1994b1e20f1463"
                },
                "default_vpc_cidr_block": {
                    "sensitive": false,
                    "type": "string",
                    "value": ""
                },
                "default_vpc_default_network_acl_id": {
                    "sensitive": false,
                    "type": "string",
                    "value": ""
                },
                "default_vpc_default_route_table_id": {
                    "sensitive": false,
                    "type": "string",
                    "value": ""
                },
                "default_vpc_default_security_group_id": {
                    "sensitive": false,
                    "type": "string",
                    "value": ""
                },
                "default_vpc_enable_dns_hostnames": {
                    "sensitive": false,
                    "type": "string",
                    "value": ""
                },
                "default_vpc_enable_dns_support": {
                    "sensitive": false,
                    "type": "string",
                    "value": ""
                },
                "default_vpc_id": {
                    "sensitive": false,
                    "type": "string",
                    "value": ""
                },
                "default_vpc_instance_tenancy": {
                    "sensitive": false,
                    "type": "string",
                    "value": ""
                },
                "default_vpc_main_route_table_id": {
                    "sensitive": false,
                    "type": "string",
                    "value": ""
                },
                "elasticache_route_table_ids": {
                    "sensitive": false,
                    "type": "list",
                    "value": [
                        "rtb-0112ab7920f23efe0",
                        "rtb-0a1c91c29272e569d",
                        "rtb-0fc31d6cd76b9c4b4"
                    ]
                },
                "elasticache_subnet_group": {
                    "sensitive": false,
                    "type": "string",
                    "value": ""
                },
                "elasticache_subnet_group_name": {
                    "sensitive": false,
                    "type": "string",
                    "value": ""
                },
                "elasticache_subnets": {
                    "sensitive": false,
                    "type": "list",
                    "value": []
                },
                "elasticache_subnets_cidr_blocks": {
                    "sensitive": false,
                    "type": "list",
                    "value": []
                },
                "igw_id": {
                    "sensitive": false,
                    "type": "string",
                    "value": "igw-0e19b58146c713bbc"
                },
                "intra_route_table_ids": {
                    "sensitive": false,
                    "type": "list",
                    "value": []
                },
                "intra_subnets": {
                    "sensitive": false,
                    "type": "list",
                    "value": []
                },
                "intra_subnets_cidr_blocks": {
                    "sensitive": false,
                    "type": "list",
                    "value": []
                },
                "nat_ids": {
                    "sensitive": false,
                    "type": "list",
                    "value": [
                        "eipalloc-01f7f22dd8b4e55fc",
                        "eipalloc-0d7cd0d59c7d90a2b",
                        "eipalloc-000abae4296363a53"
                    ]
                },
                "nat_public_ips": {
                    "sensitive": false,
                    "type": "list",
                    "value": [
                        "52.4.120.179",
                        "18.211.235.92",
                        "52.203.121.179"
                    ]
                },
                "natgw_ids": {
                    "sensitive": false,
                    "type": "list",
                    "value": [
                        "nat-05a2e88bc3dd1f0f7",
                        "nat-0fa1b07320930fc46",
                        "nat-03fd6ce350b9c7cf4"
                    ]
                },
                "private_route_table_ids": {
                    "sensitive": false,
                    "type": "list",
                    "value": [
                        "rtb-0112ab7920f23efe0",
                        "rtb-0a1c91c29272e569d",
                        "rtb-0fc31d6cd76b9c4b4"
                    ]
                },
                "private_subnets": {
                    "sensitive": false,
                    "type": "list",
                    "value": [
                        "subnet-02fcd6b92460ec88a",
                        "subnet-0c42f17a20ab9971a",
                        "subnet-031bfdc92973b6190"
                    ]
                },
                "private_subnets_cidr_blocks": {
                    "sensitive": false,
                    "type": "list",
                    "value": [
                        "10.0.1.0/24",
                        "10.0.2.0/24",
                        "10.0.3.0/24"
                    ]
                },
                "public_route_table_ids": {
                    "sensitive": false,
                    "type": "list",
                    "value": [
                        "rtb-02bea973f5343911a"
                    ]
                },
                "public_subnets": {
                    "sensitive": false,
                    "type": "list",
                    "value": [
                        "subnet-0df24cf4192a4db1b",
                        "subnet-024be26b5bab5839c",
                        "subnet-064dea098e3d84892"
                    ]
                },
                "public_subnets_cidr_blocks": {
                    "sensitive": false,
                    "type": "list",
                    "value": [
                        "10.0.101.0/24",
                        "10.0.102.0/24",
                        "10.0.103.0/24"
                    ]
                },
                "redshift_route_table_ids": {
                    "sensitive": false,
                    "type": "list",
                    "value": [
                        "rtb-0112ab7920f23efe0",
                        "rtb-0a1c91c29272e569d",
                        "rtb-0fc31d6cd76b9c4b4"
                    ]
                },
                "redshift_subnet_group": {
                    "sensitive": false,
                    "type": "string",
                    "value": ""
                },
                "redshift_subnets": {
                    "sensitive": false,
                    "type": "list",
                    "value": []
                },
                "redshift_subnets_cidr_blocks": {
                    "sensitive": false,
                    "type": "list",
                    "value": []
                },
                "vgw_id": {
                    "sensitive": false,
                    "type": "string",
                    "value": "vgw-0727d1ccb54a5d698"
                },
                "vpc_cidr_block": {
                    "sensitive": false,
                    "type": "string",
                    "value": "10.0.0.0/16"
                },
                "vpc_enable_dns_hostnames": {
                    "sensitive": false,
                    "type": "string",
                    "value": "false"
                },
                "vpc_enable_dns_support": {
                    "sensitive": false,
                    "type": "string",
                    "value": "true"
                },
                "vpc_endpoint_dynamodb_id": {
                    "sensitive": false,
                    "type": "string",
                    "value": ""
                },
                "vpc_endpoint_dynamodb_pl_id": {
                    "sensitive": false,
                    "type": "string",
                    "value": ""
                },
                "vpc_endpoint_s3_id": {
                    "sensitive": false,
                    "type": "string",
                    "value": ""
                },
                "vpc_endpoint_s3_pl_id": {
                    "sensitive": false,
                    "type": "string",
                    "value": ""
                },
                "vpc_id": {
                    "sensitive": false,
                    "type": "string",
                    "value": "vpc-01734fb09c78ee411"
                },
                "vpc_instance_tenancy": {
                    "sensitive": false,
                    "type": "string",
                    "value": "default"
                },
                "vpc_main_route_table_id": {
                    "sensitive": false,
                    "type": "string",
                    "value": "rtb-0eedd58eb125e12cd"
                }
            },
            "resources": {
                "aws_eip.nat.0": {
                    "type": "aws_eip",
                    "depends_on": [
                        "local.nat_gateway_count"
                    ],
                    "primary": {
                        "id": "eipalloc-01f7f22dd8b4e55fc",
                        "attributes": {
                            "association_id": "",
                            "domain": "vpc",
                            "id": "eipalloc-01f7f22dd8b4e55fc",
                            "instance": "",
                            "network_interface": "",
                            "private_ip": "",
                            "public_ip": "52.4.120.179",
                            "tags.%": "3",
                            "tags.Environment": "dev",
                            "tags.Name": "my-vpc-us-east-1a",
                            "tags.Terraform": "true",
                            "vpc": "true"
                        },
                        "meta": {
                            "e2bfb730-ecaa-11e6-8f88-34363bc7c4c0": {
                                "delete": 180000000000,
                                "read": 900000000000,
                                "update": 300000000000
                            }
                        },
                        "tainted": false
                    },
                    "deposed": [],
                    "provider": "provider.aws"
                },
                "aws_eip.nat.1": {
                    "type": "aws_eip",
                    "depends_on": [
                        "local.nat_gateway_count"
                    ],
                    "primary": {
                        "id": "eipalloc-0d7cd0d59c7d90a2b",
                        "attributes": {
                            "association_id": "",
                            "domain": "vpc",
                            "id": "eipalloc-0d7cd0d59c7d90a2b",
                            "instance": "",
                            "network_interface": "",
                            "private_ip": "",
                            "public_ip": "18.211.235.92",
                            "tags.%": "3",
                            "tags.Environment": "dev",
                            "tags.Name": "my-vpc-us-east-1b",
                            "tags.Terraform": "true",
                            "vpc": "true"
                        },
                        "meta": {
                            "e2bfb730-ecaa-11e6-8f88-34363bc7c4c0": {
                                "delete": 180000000000,
                                "read": 900000000000,
                                "update": 300000000000
                            }
                        },
                        "tainted": false
                    },
                    "deposed": [],
                    "provider": "provider.aws"
                },
                "aws_eip.nat.2": {
                    "type": "aws_eip",
                    "depends_on": [
                        "local.nat_gateway_count"
                    ],
                    "primary": {
                        "id": "eipalloc-000abae4296363a53",
                        "attributes": {
                            "association_id": "",
                            "domain": "vpc",
                            "id": "eipalloc-000abae4296363a53",
                            "instance": "",
                            "network_interface": "",
                            "private_ip": "",
                            "public_ip": "52.203.121.179",
                            "tags.%": "3",
                            "tags.Environment": "dev",
                            "tags.Name": "my-vpc-us-east-1c",
                            "tags.Terraform": "true",
                            "vpc": "true"
                        },
                        "meta": {
                            "e2bfb730-ecaa-11e6-8f88-34363bc7c4c0": {
                                "delete": 180000000000,
                                "read": 900000000000,
                                "update": 300000000000
                            }
                        },
                        "tainted": false
                    },
                    "deposed": [],
                    "provider": "provider.aws"
                },
                "aws_internet_gateway.this": {
                    "type": "aws_internet_gateway",
                    "depends_on": [
                        "aws_vpc.this"
                    ],
                    "primary": {
                        "id": "igw-0e19b58146c713bbc",
                        "attributes": {
                            "id": "igw-0e19b58146c713bbc",
                            "tags.%": "3",
                            "tags.Environment": "dev",
                            "tags.Name": "my-vpc",
                            "tags.Terraform": "true",
                            "vpc_id": "vpc-01734fb09c78ee411"
                        },
                        "meta": {},
                        "tainted": false
                    },
                    "deposed": [],
                    "provider": "provider.aws"
                },
                "aws_nat_gateway.this.0": {
                    "type": "aws_nat_gateway",
                    "depends_on": [
                        "aws_internet_gateway.this",
                        "aws_subnet.public.*",
                        "local.nat_gateway_count",
                        "local.nat_gateway_ips"
                    ],
                    "primary": {
                        "id": "nat-05a2e88bc3dd1f0f7",
                        "attributes": {
                            "allocation_id": "eipalloc-01f7f22dd8b4e55fc",
                            "id": "nat-05a2e88bc3dd1f0f7",
                            "network_interface_id": "eni-09f34b6054a5c89b3",
                            "private_ip": "10.0.101.204",
                            "public_ip": "52.4.120.179",
                            "subnet_id": "subnet-0df24cf4192a4db1b",
                            "tags.%": "3",
                            "tags.Environment": "dev",
                            "tags.Name": "my-vpc-us-east-1a",
                            "tags.Terraform": "true"
                        },
                        "meta": {},
                        "tainted": false
                    },
                    "deposed": [],
                    "provider": "provider.aws"
                },
                "aws_nat_gateway.this.1": {
                    "type": "aws_nat_gateway",
                    "depends_on": [
                        "aws_internet_gateway.this",
                        "aws_subnet.public.*",
                        "local.nat_gateway_count",
                        "local.nat_gateway_ips"
                    ],
                    "primary": {
                        "id": "nat-0fa1b07320930fc46",
                        "attributes": {
                            "allocation_id": "eipalloc-0d7cd0d59c7d90a2b",
                            "id": "nat-0fa1b07320930fc46",
                            "network_interface_id": "eni-00ea3318a276bf7a3",
                            "private_ip": "10.0.102.44",
                            "public_ip": "18.211.235.92",
                            "subnet_id": "subnet-024be26b5bab5839c",
                            "tags.%": "3",
                            "tags.Environment": "dev",
                            "tags.Name": "my-vpc-us-east-1b",
                            "tags.Terraform": "true"
                        },
                        "meta": {},
                        "tainted": false
                    },
                    "deposed": [],
                    "provider": "provider.aws"
                },
                "aws_nat_gateway.this.2": {
                    "type": "aws_nat_gateway",
                    "depends_on": [
                        "aws_internet_gateway.this",
                        "aws_subnet.public.*",
                        "local.nat_gateway_count",
                        "local.nat_gateway_ips"
                    ],
                    "primary": {
                        "id": "nat-03fd6ce350b9c7cf4",
                        "attributes": {
                            "allocation_id": "eipalloc-000abae4296363a53",
                            "id": "nat-03fd6ce350b9c7cf4",
                            "network_interface_id": "eni-090309f586ac3f786",
                            "private_ip": "10.0.103.51",
                            "public_ip": "52.203.121.179",
                            "subnet_id": "subnet-064dea098e3d84892",
                            "tags.%": "3",
                            "tags.Environment": "dev",
                            "tags.Name": "my-vpc-us-east-1c",
                            "tags.Terraform": "true"
                        },
                        "meta": {},
                        "tainted": false
                    },
                    "deposed": [],
                    "provider": "provider.aws"
                },
                "aws_route.private_nat_gateway.0": {
                    "type": "aws_route",
                    "depends_on": [
                        "aws_nat_gateway.this.*",
                        "aws_route_table.private.*",
                        "local.nat_gateway_count"
                    ],
                    "primary": {
                        "id": "r-rtb-0112ab7920f23efe01080289494",
                        "attributes": {
                            "destination_cidr_block": "0.0.0.0/0",
                            "destination_prefix_list_id": "",
                            "egress_only_gateway_id": "",
                            "gateway_id": "",
                            "id": "r-rtb-0112ab7920f23efe01080289494",
                            "instance_id": "",
                            "instance_owner_id": "",
                            "nat_gateway_id": "nat-05a2e88bc3dd1f0f7",
                            "network_interface_id": "",
                            "origin": "CreateRoute",
                            "route_table_id": "rtb-0112ab7920f23efe0",
                            "state": "active",
                            "vpc_peering_connection_id": ""
                        },
                        "meta": {
                            "e2bfb730-ecaa-11e6-8f88-34363bc7c4c0": {
                                "create": 300000000000,
                                "delete": 300000000000
                            }
                        },
                        "tainted": false
                    },
                    "deposed": [],
                    "provider": "provider.aws"
                },
                "aws_route.private_nat_gateway.1": {
                    "type": "aws_route",
                    "depends_on": [
                        "aws_nat_gateway.this.*",
                        "aws_route_table.private.*",
                        "local.nat_gateway_count"
                    ],
                    "primary": {
                        "id": "r-rtb-0a1c91c29272e569d1080289494",
                        "attributes": {
                            "destination_cidr_block": "0.0.0.0/0",
                            "destination_prefix_list_id": "",
                            "egress_only_gateway_id": "",
                            "gateway_id": "",
                            "id": "r-rtb-0a1c91c29272e569d1080289494",
                            "instance_id": "",
                            "instance_owner_id": "",
                            "nat_gateway_id": "nat-0fa1b07320930fc46",
                            "network_interface_id": "",
                            "origin": "CreateRoute",
                            "route_table_id": "rtb-0a1c91c29272e569d",
                            "state": "active",
                            "vpc_peering_connection_id": ""
                        },
                        "meta": {
                            "e2bfb730-ecaa-11e6-8f88-34363bc7c4c0": {
                                "create": 300000000000,
                                "delete": 300000000000
                            }
                        },
                        "tainted": false
                    },
                    "deposed": [],
                    "provider": "provider.aws"
                },
                "aws_route.private_nat_gateway.2": {
                    "type": "aws_route",
                    "depends_on": [
                        "aws_nat_gateway.this.*",
                        "aws_route_table.private.*",
                        "local.nat_gateway_count"
                    ],
                    "primary": {
                        "id": "r-rtb-0fc31d6cd76b9c4b41080289494",
                        "attributes": {
                            "destination_cidr_block": "0.0.0.0/0",
                            "destination_prefix_list_id": "",
                            "egress_only_gateway_id": "",
                            "gateway_id": "",
                            "id": "r-rtb-0fc31d6cd76b9c4b41080289494",
                            "instance_id": "",
                            "instance_owner_id": "",
                            "nat_gateway_id": "nat-03fd6ce350b9c7cf4",
                            "network_interface_id": "",
                            "origin": "CreateRoute",
                            "route_table_id": "rtb-0fc31d6cd76b9c4b4",
                            "state": "active",
                            "vpc_peering_connection_id": ""
                        },
                        "meta": {
                            "e2bfb730-ecaa-11e6-8f88-34363bc7c4c0": {
                                "create": 300000000000,
                                "delete": 300000000000
                            }
                        },
                        "tainted": false
                    },
                    "deposed": [],
                    "provider": "provider.aws"
                },
                "aws_route.public_internet_gateway": {
                    "type": "aws_route",
                    "depends_on": [
                        "aws_internet_gateway.this",
                        "aws_route_table.public"
                    ],
                    "primary": {
                        "id": "r-rtb-02bea973f5343911a1080289494",
                        "attributes": {
                            "destination_cidr_block": "0.0.0.0/0",
                            "destination_prefix_list_id": "",
                            "egress_only_gateway_id": "",
                            "gateway_id": "igw-0e19b58146c713bbc",
                            "id": "r-rtb-02bea973f5343911a1080289494",
                            "instance_id": "",
                            "instance_owner_id": "",
                            "nat_gateway_id": "",
                            "network_interface_id": "",
                            "origin": "CreateRoute",
                            "route_table_id": "rtb-02bea973f5343911a",
                            "state": "active",
                            "vpc_peering_connection_id": ""
                        },
                        "meta": {
                            "e2bfb730-ecaa-11e6-8f88-34363bc7c4c0": {
                                "create": 300000000000,
                                "delete": 300000000000
                            }
                        },
                        "tainted": false
                    },
                    "deposed": [],
                    "provider": "provider.aws"
                },
                "aws_route_table.private.0": {
                    "type": "aws_route_table",
                    "depends_on": [
                        "aws_vpc.this",
                        "local.max_subnet_length",
                        "local.nat_gateway_count"
                    ],
                    "primary": {
                        "id": "rtb-0112ab7920f23efe0",
                        "attributes": {
                            "id": "rtb-0112ab7920f23efe0",
                            "propagating_vgws.#": "0",
                            "route.#": "0",
                            "tags.%": "3",
                            "tags.Environment": "dev",
                            "tags.Name": "my-vpc-private-us-east-1a",
                            "tags.Terraform": "true",
                            "vpc_id": "vpc-01734fb09c78ee411"
                        },
                        "meta": {},
                        "tainted": false
                    },
                    "deposed": [],
                    "provider": "provider.aws"
                },
                "aws_route_table.private.1": {
                    "type": "aws_route_table",
                    "depends_on": [
                        "aws_vpc.this",
                        "local.max_subnet_length",
                        "local.nat_gateway_count"
                    ],
                    "primary": {
                        "id": "rtb-0a1c91c29272e569d",
                        "attributes": {
                            "id": "rtb-0a1c91c29272e569d",
                            "propagating_vgws.#": "0",
                            "route.#": "0",
                            "tags.%": "3",
                            "tags.Environment": "dev",
                            "tags.Name": "my-vpc-private-us-east-1b",
                            "tags.Terraform": "true",
                            "vpc_id": "vpc-01734fb09c78ee411"
                        },
                        "meta": {},
                        "tainted": false
                    },
                    "deposed": [],
                    "provider": "provider.aws"
                },
                "aws_route_table.private.2": {
                    "type": "aws_route_table",
                    "depends_on": [
                        "aws_vpc.this",
                        "local.max_subnet_length",
                        "local.nat_gateway_count"
                    ],
                    "primary": {
                        "id": "rtb-0fc31d6cd76b9c4b4",
                        "attributes": {
                            "id": "rtb-0fc31d6cd76b9c4b4",
                            "propagating_vgws.#": "0",
                            "route.#": "0",
                            "tags.%": "3",
                            "tags.Environment": "dev",
                            "tags.Name": "my-vpc-private-us-east-1c",
                            "tags.Terraform": "true",
                            "vpc_id": "vpc-01734fb09c78ee411"
                        },
                        "meta": {},
                        "tainted": false
                    },
                    "deposed": [],
                    "provider": "provider.aws"
                },
                "aws_route_table.public": {
                    "type": "aws_route_table",
                    "depends_on": [
                        "aws_vpc.this"
                    ],
                    "primary": {
                        "id": "rtb-02bea973f5343911a",
                        "attributes": {
                            "id": "rtb-02bea973f5343911a",
                            "propagating_vgws.#": "0",
                            "route.#": "1",
                            "route.1888085497.cidr_block": "0.0.0.0/0",
                            "route.1888085497.egress_only_gateway_id": "",
                            "route.1888085497.gateway_id": "igw-0e19b58146c713bbc",
                            "route.1888085497.instance_id": "",
                            "route.1888085497.ipv6_cidr_block": "",
                            "route.1888085497.nat_gateway_id": "",
                            "route.1888085497.network_interface_id": "",
                            "route.1888085497.vpc_peering_connection_id": "",
                            "tags.%": "3",
                            "tags.Environment": "dev",
                            "tags.Name": "my-vpc-public",
                            "tags.Terraform": "true",
                            "vpc_id": "vpc-01734fb09c78ee411"
                        },
                        "meta": {},
                        "tainted": false
                    },
                    "deposed": [],
                    "provider": "provider.aws"
                },
                "aws_route_table_association.private.0": {
                    "type": "aws_route_table_association",
                    "depends_on": [
                        "aws_route_table.private.*",
                        "aws_subnet.private.*"
                    ],
                    "primary": {
                        "id": "rtbassoc-002e46e73588e3301",
                        "attributes": {
                            "id": "rtbassoc-002e46e73588e3301",
                            "route_table_id": "rtb-0112ab7920f23efe0",
                            "subnet_id": "subnet-02fcd6b92460ec88a"
                        },
                        "meta": {},
                        "tainted": false
                    },
                    "deposed": [],
                    "provider": "provider.aws"
                },
                "aws_route_table_association.private.1": {
                    "type": "aws_route_table_association",
                    "depends_on": [
                        "aws_route_table.private.*",
                        "aws_subnet.private.*"
                    ],
                    "primary": {
                        "id": "rtbassoc-086f3dd6bec8633ec",
                        "attributes": {
                            "id": "rtbassoc-086f3dd6bec8633ec",
                            "route_table_id": "rtb-0a1c91c29272e569d",
                            "subnet_id": "subnet-0c42f17a20ab9971a"
                        },
                        "meta": {},
                        "tainted": false
                    },
                    "deposed": [],
                    "provider": "provider.aws"
                },
                "aws_route_table_association.private.2": {
                    "type": "aws_route_table_association",
                    "depends_on": [
                        "aws_route_table.private.*",
                        "aws_subnet.private.*"
                    ],
                    "primary": {
                        "id": "rtbassoc-084e780fa76047797",
                        "attributes": {
                            "id": "rtbassoc-084e780fa76047797",
                            "route_table_id": "rtb-0fc31d6cd76b9c4b4",
                            "subnet_id": "subnet-031bfdc92973b6190"
                        },
                        "meta": {},
                        "tainted": false
                    },
                    "deposed": [],
                    "provider": "provider.aws"
                },
                "aws_route_table_association.public.0": {
                    "type": "aws_route_table_association",
                    "depends_on": [
                        "aws_route_table.public",
                        "aws_subnet.public.*"
                    ],
                    "primary": {
                        "id": "rtbassoc-03a25bb7f14ffb358",
                        "attributes": {
                            "id": "rtbassoc-03a25bb7f14ffb358",
                            "route_table_id": "rtb-02bea973f5343911a",
                            "subnet_id": "subnet-0df24cf4192a4db1b"
                        },
                        "meta": {},
                        "tainted": false
                    },
                    "deposed": [],
                    "provider": "provider.aws"
                },
                "aws_route_table_association.public.1": {
                    "type": "aws_route_table_association",
                    "depends_on": [
                        "aws_route_table.public",
                        "aws_subnet.public.*"
                    ],
                    "primary": {
                        "id": "rtbassoc-0c1ec3828414c7909",
                        "attributes": {
                            "id": "rtbassoc-0c1ec3828414c7909",
                            "route_table_id": "rtb-02bea973f5343911a",
                            "subnet_id": "subnet-024be26b5bab5839c"
                        },
                        "meta": {},
                        "tainted": false
                    },
                    "deposed": [],
                    "provider": "provider.aws"
                },
                "aws_route_table_association.public.2": {
                    "type": "aws_route_table_association",
                    "depends_on": [
                        "aws_route_table.public",
                        "aws_subnet.public.*"
                    ],
                    "primary": {
                        "id": "rtbassoc-088980ebea2771ac9",
                        "attributes": {
                            "id": "rtbassoc-088980ebea2771ac9",
                            "route_table_id": "rtb-02bea973f5343911a",
                            "subnet_id": "subnet-064dea098e3d84892"
                        },
                        "meta": {},
                        "tainted": false
                    },
                    "deposed": [],
                    "provider": "provider.aws"
                },
                "aws_subnet.private.0": {
                    "type": "aws_subnet",
                    "depends_on": [
                        "aws_vpc.this"
                    ],
                    "primary": {
                        "id": "subnet-02fcd6b92460ec88a",
                        "attributes": {
                            "arn": "arn:aws:ec2:us-east-1:715487657416:subnet/subnet-02fcd6b92460ec88a",
                            "assign_ipv6_address_on_creation": "false",
                            "availability_zone": "us-east-1a",
                            "cidr_block": "10.0.1.0/24",
                            "id": "subnet-02fcd6b92460ec88a",
                            "map_public_ip_on_launch": "false",
                            "tags.%": "3",
                            "tags.Environment": "dev",
                            "tags.Name": "my-vpc-private-us-east-1a",
                            "tags.Terraform": "true",
                            "vpc_id": "vpc-01734fb09c78ee411"
                        },
                        "meta": {
                            "schema_version": "1"
                        },
                        "tainted": false
                    },
                    "deposed": [],
                    "provider": "provider.aws"
                },
                "aws_subnet.private.1": {
                    "type": "aws_subnet",
                    "depends_on": [
                        "aws_vpc.this"
                    ],
                    "primary": {
                        "id": "subnet-0c42f17a20ab9971a",
                        "attributes": {
                            "arn": "arn:aws:ec2:us-east-1:715487657416:subnet/subnet-0c42f17a20ab9971a",
                            "assign_ipv6_address_on_creation": "false",
                            "availability_zone": "us-east-1b",
                            "cidr_block": "10.0.2.0/24",
                            "id": "subnet-0c42f17a20ab9971a",
                            "map_public_ip_on_launch": "false",
                            "tags.%": "3",
                            "tags.Environment": "dev",
                            "tags.Name": "my-vpc-private-us-east-1b",
                            "tags.Terraform": "true",
                            "vpc_id": "vpc-01734fb09c78ee411"
                        },
                        "meta": {
                            "schema_version": "1"
                        },
                        "tainted": false
                    },
                    "deposed": [],
                    "provider": "provider.aws"
                },
                "aws_subnet.private.2": {
                    "type": "aws_subnet",
                    "depends_on": [
                        "aws_vpc.this"
                    ],
                    "primary": {
                        "id": "subnet-031bfdc92973b6190",
                        "attributes": {
                            "arn": "arn:aws:ec2:us-east-1:715487657416:subnet/subnet-031bfdc92973b6190",
                            "assign_ipv6_address_on_creation": "false",
                            "availability_zone": "us-east-1c",
                            "cidr_block": "10.0.3.0/24",
                            "id": "subnet-031bfdc92973b6190",
                            "map_public_ip_on_launch": "false",
                            "tags.%": "3",
                            "tags.Environment": "dev",
                            "tags.Name": "my-vpc-private-us-east-1c",
                            "tags.Terraform": "true",
                            "vpc_id": "vpc-01734fb09c78ee411"
                        },
                        "meta": {
                            "schema_version": "1"
                        },
                        "tainted": false
                    },
                    "deposed": [],
                    "provider": "provider.aws"
                },
                "aws_subnet.public.0": {
                    "type": "aws_subnet",
                    "depends_on": [
                        "aws_vpc.this"
                    ],
                    "primary": {
                        "id": "subnet-0df24cf4192a4db1b",
                        "attributes": {
                            "arn": "arn:aws:ec2:us-east-1:715487657416:subnet/subnet-0df24cf4192a4db1b",
                            "assign_ipv6_address_on_creation": "false",
                            "availability_zone": "us-east-1a",
                            "cidr_block": "10.0.101.0/24",
                            "id": "subnet-0df24cf4192a4db1b",
                            "map_public_ip_on_launch": "false",
                            "tags.%": "3",
                            "tags.Environment": "dev",
                            "tags.Name": "my-vpc-public-us-east-1a",
                            "tags.Terraform": "true",
                            "vpc_id": "vpc-01734fb09c78ee411"
                        },
                        "meta": {
                            "schema_version": "1"
                        },
                        "tainted": false
                    },
                    "deposed": [],
                    "provider": "provider.aws"
                },
                "aws_subnet.public.1": {
                    "type": "aws_subnet",
                    "depends_on": [
                        "aws_vpc.this"
                    ],
                    "primary": {
                        "id": "subnet-024be26b5bab5839c",
                        "attributes": {
                            "arn": "arn:aws:ec2:us-east-1:715487657416:subnet/subnet-024be26b5bab5839c",
                            "assign_ipv6_address_on_creation": "false",
                            "availability_zone": "us-east-1b",
                            "cidr_block": "10.0.102.0/24",
                            "id": "subnet-024be26b5bab5839c",
                            "map_public_ip_on_launch": "true",
                            "tags.%": "3",
                            "tags.Environment": "dev",
                            "tags.Name": "my-vpc-public-us-east-1b",
                            "tags.Terraform": "true",
                            "vpc_id": "vpc-01734fb09c78ee411"
                        },
                        "meta": {
                            "schema_version": "1"
                        },
                        "tainted": false
                    },
                    "deposed": [],
                    "provider": "provider.aws"
                },
                "aws_subnet.public.2": {
                    "type": "aws_subnet",
                    "depends_on": [
                        "aws_vpc.this"
                    ],
                    "primary": {
                        "id": "subnet-064dea098e3d84892",
                        "attributes": {
                            "arn": "arn:aws:ec2:us-east-1:715487657416:subnet/subnet-064dea098e3d84892",
                            "assign_ipv6_address_on_creation": "false",
                            "availability_zone": "us-east-1c",
                            "cidr_block": "10.0.103.0/24",
                            "id": "subnet-064dea098e3d84892",
                            "map_public_ip_on_launch": "false",
                            "tags.%": "3",
                            "tags.Environment": "dev",
                            "tags.Name": "my-vpc-public-us-east-1c",
                            "tags.Terraform": "true",
                            "vpc_id": "vpc-01734fb09c78ee411"
                        },
                        "meta": {
                            "schema_version": "1"
                        },
                        "tainted": false
                    },
                    "deposed": [],
                    "provider": "provider.aws"
                },
                "aws_vpc.this": {
                    "type": "aws_vpc",
                    "depends_on": [],
                    "primary": {
                        "id": "vpc-01734fb09c78ee411",
                        "attributes": {
                            "arn": "arn:aws:ec2:us-east-1:715487657416:vpc/vpc-01734fb09c78ee411",
                            "assign_generated_ipv6_cidr_block": "false",
                            "cidr_block": "10.0.0.0/16",
                            "default_network_acl_id": "acl-06b7aa166e1a52550",
                            "default_route_table_id": "rtb-0eedd58eb125e12cd",
                            "default_security_group_id": "sg-07d1994b1e20f1463",
                            "dhcp_options_id": "dopt-6fb28a07",
                            "enable_classiclink": "false",
                            "enable_classiclink_dns_support": "false",
                            "enable_dns_hostnames": "false",
                            "enable_dns_support": "true",
                            "id": "vpc-01734fb09c78ee411",
                            "instance_tenancy": "default",
                            "main_route_table_id": "rtb-0eedd58eb125e12cd",
                            "tags.%": "3",
                            "tags.Environment": "dev",
                            "tags.Name": "my-vpc",
                            "tags.Terraform": "true"
                        },
                        "meta": {
                            "schema_version": "1"
                        },
                        "tainted": false
                    },
                    "deposed": [],
                    "provider": "provider.aws"
                },
                "aws_vpn_gateway.this": {
                    "type": "aws_vpn_gateway",
                    "depends_on": [
                        "aws_vpc.this"
                    ],
                    "primary": {
                        "id": "vgw-0727d1ccb54a5d698",
                        "attributes": {
                            "amazon_side_asn": "64512",
                            "id": "vgw-0727d1ccb54a5d698",
                            "tags.%": "3",
                            "tags.Environment": "dev",
                            "tags.Name": "my-vpc",
                            "tags.Terraform": "true",
                            "vpc_id": "vpc-01734fb09c78ee411"
                        },
                        "meta": {},
                        "tainted": false
                    },
                    "deposed": [],
                    "provider": "provider.aws"
                }
            },
            "depends_on": []
        }
    ]
}
